
Microsoft Visual Studio Solution File, Format Version 12.00
# Visual Studio Version 16
VisualStudioVersion = 16.0.30406.217
MinimumVisualStudioVersion = 10.0.40219.1
Project("{8BC9CEB8-8B4A-11D0-8D11-00A0C91BC942}") = "MyGame", "MyGame\MyGame.vcxproj", "{F4869DB6-6E14-46ED-8816-C8CDCD6B5415}"
EndProject
Global
	GlobalSection(SolutionConfigurationPlatforms) = preSolution
		Debug|x64 = Debug|x64
		Debug|x86 = Debug|x86
		Release|x64 = Release|x64
		Release|x86 = Release|x86
	EndGlobalSection
	GlobalSection(ProjectConfigurationPlatforms) = postSolution
		{F4869DB6-6E14-46ED-8816-C8CDCD6B5415}.Debug|x64.ActiveCfg = Debug|x64
		{F4869DB6-6E14-46ED-8816-C8CDCD6B5415}.Debug|x64.Build.0 = Debug|x64
		{F4869DB6-6E14-46ED-8816-C8CDCD6B5415}.Debug|x86.ActiveCfg = Debug|Win32
		{F4869DB6-6E14-46ED-8816-C8CDCD6B5415}.Debug|x86.Build.0 = Debug|Win32
		{F4869DB6-6E14-46ED-8816-C8CDCD6B5415}.Release|x64.ActiveCfg = Release|x64
		{F4869DB6-6E14-46ED-8816-C8CDCD6B5415}.Release|x64.Build.0 = Release|x64
		{F4869DB6-6E14-46ED-8816-C8CDCD6B5415}.Release|x86.ActiveCfg = Release|Win32
		{F4869DB6-6E14-46ED-8816-C8CDCD6B5415}.Release|x86.Build.0 = Release|Win32
	EndGlobalSection
	GlobalSection(SolutionProperties) = preSolution
		HideSolutionNode = FALSE
	EndGlobalSection
	GlobalSection(ExtensibilityGlobals) = postSolution
		SolutionGuid = {FA3B68DA-6E06-4D2A-9AA5-99CBC1059492}
	EndGlobalSection
EndGlobal
